// !$*UTF8*$!
{
	archiveVersion = 1;
	classes = {
	};
	objectVersion = 55;
	objects = {

/* Begin PBXBuildFile section */
		5083503727656B83006ED66E /* AppDelegate.swift in Sources */ = {isa = PBXBuildFile; fileRef = 5083503627656B83006ED66E /* AppDelegate.swift */; };
		5083503927656B83006ED66E /* SceneDelegate.swift in Sources */ = {isa = PBXBuildFile; fileRef = 5083503827656B83006ED66E /* SceneDelegate.swift */; };
		5083503E27656B83006ED66E /* Main.storyboard in Resources */ = {isa = PBXBuildFile; fileRef = 5083503C27656B83006ED66E /* Main.storyboard */; };
		5083504027656B84006ED66E /* Assets.xcassets in Resources */ = {isa = PBXBuildFile; fileRef = 5083503F27656B84006ED66E /* Assets.xcassets */; };
		5083504327656B84006ED66E /* LaunchScreen.storyboard in Resources */ = {isa = PBXBuildFile; fileRef = 5083504127656B84006ED66E /* LaunchScreen.storyboard */; };
		5083504B27656BC7006ED66E /* TaskListViewController.swift in Sources */ = {isa = PBXBuildFile; fileRef = 5083504A27656BC7006ED66E /* TaskListViewController.swift */; };
		5083504D27656C40006ED66E /* TasksViewController.swift in Sources */ = {isa = PBXBuildFile; fileRef = 5083504C27656C40006ED66E /* TasksViewController.swift */; };
		5083504F27656D9F006ED66E /* AlertViewController.swift in Sources */ = {isa = PBXBuildFile; fileRef = 5083504E27656D9F006ED66E /* AlertViewController.swift */; };
		5083505127656DD9006ED66E /* TaskList.swift in Sources */ = {isa = PBXBuildFile; fileRef = 5083505027656DD9006ED66E /* TaskList.swift */; };
		5083505327656DF2006ED66E /* StorageManager.swift in Sources */ = {isa = PBXBuildFile; fileRef = 5083505227656DF2006ED66E /* StorageManager.swift */; };
		5083505527656DFE006ED66E /* DataManager.swift in Sources */ = {isa = PBXBuildFile; fileRef = 5083505427656DFE006ED66E /* DataManager.swift */; };
		AE33D91644814FE4489C2241 /* Pods_HW2_14.framework in Frameworks */ = {isa = PBXBuildFile; fileRef = E6274711FD6FCB25FFC82B7F /* Pods_HW2_14.framework */; };
/* End PBXBuildFile section */

/* Begin PBXFileReference section */
		1C1EA7544D424441C228C80B /* Pods-HW2.14.debug.xcconfig */ = {isa = PBXFileReference; includeInIndex = 1; lastKnownFileType = text.xcconfig; name = "Pods-HW2.14.debug.xcconfig"; path = "Target Support Files/Pods-HW2.14/Pods-HW2.14.debug.xcconfig"; sourceTree = "<group>"; };
		5083503327656B83006ED66E /* HW2.14.app */ = {isa = PBXFileReference; explicitFileType = wrapper.application; includeInIndex = 0; path = HW2.14.app; sourceTree = BUILT_PRODUCTS_DIR; };
		5083503627656B83006ED66E /* AppDelegate.swift */ = {isa = PBXFileReference; lastKnownFileType = sourcecode.swift; path = AppDelegate.swift; sourceTree = "<group>"; };
		5083503827656B83006ED66E /* SceneDelegate.swift */ = {isa = PBXFileReference; lastKnownFileType = sourcecode.swift; path = SceneDelegate.swift; sourceTree = "<group>"; };
		5083503D27656B83006ED66E /* Base */ = {isa = PBXFileReference; lastKnownFileType = file.storyboard; name = Base; path = Base.lproj/Main.storyboard; sourceTree = "<group>"; };
		5083503F27656B84006ED66E /* Assets.xcassets */ = {isa = PBXFileReference; lastKnownFileType = folder.assetcatalog; path = Assets.xcassets; sourceTree = "<group>"; };
		5083504227656B84006ED66E /* Base */ = {isa = PBXFileReference; lastKnownFileType = file.storyboard; name = Base; path = Base.lproj/LaunchScreen.storyboard; sourceTree = "<group>"; };
		5083504427656B84006ED66E /* Info.plist */ = {isa = PBXFileReference; lastKnownFileType = text.plist.xml; path = Info.plist; sourceTree = "<group>"; };
		5083504A27656BC7006ED66E /* TaskListViewController.swift */ = {isa = PBXFileReference; lastKnownFileType = sourcecode.swift; path = TaskListViewController.swift; sourceTree = "<group>"; };
		5083504C27656C40006ED66E /* TasksViewController.swift */ = {isa = PBXFileReference; lastKnownFileType = sourcecode.swift; path = TasksViewController.swift; sourceTree = "<group>"; };
		5083504E27656D9F006ED66E /* AlertViewController.swift */ = {isa = PBXFileReference; lastKnownFileType = sourcecode.swift; path = AlertViewController.swift; sourceTree = "<group>"; };
		5083505027656DD9006ED66E /* TaskList.swift */ = {isa = PBXFileReference; lastKnownFileType = sourcecode.swift; path = TaskList.swift; sourceTree = "<group>"; };
		5083505227656DF2006ED66E /* StorageManager.swift */ = {isa = PBXFileReference; lastKnownFileType = sourcecode.swift; path = StorageManager.swift; sourceTree = "<group>"; };
		5083505427656DFE006ED66E /* DataManager.swift */ = {isa = PBXFileReference; lastKnownFileType = sourcecode.swift; path = DataManager.swift; sourceTree = "<group>"; };
		857C3F53B5D33D9BCEAA867C /* Pods-HW2.14.release.xcconfig */ = {isa = PBXFileReference; includeInIndex = 1; lastKnownFileType = text.xcconfig; name = "Pods-HW2.14.release.xcconfig"; path = "Target Support Files/Pods-HW2.14/Pods-HW2.14.release.xcconfig"; sourceTree = "<group>"; };
		E6274711FD6FCB25FFC82B7F /* Pods_HW2_14.framework */ = {isa = PBXFileReference; explicitFileType = wrapper.framework; includeInIndex = 0; path = Pods_HW2_14.framework; sourceTree = BUILT_PRODUCTS_DIR; };
/* End PBXFileReference section */

/* Begin PBXFrameworksBuildPhase section */
		5083503027656B83006ED66E /* Frameworks */ = {
			isa = PBXFrameworksBuildPhase;
			buildActionMask = 2147483647;
			files = (
				AE33D91644814FE4489C2241 /* Pods_HW2_14.framework in Frameworks */,
			);
			runOnlyForDeploymentPostprocessing = 0;
		};
/* End PBXFrameworksBuildPhase section */

/* Begin PBXGroup section */
		2C9DB254B92FEE3B4DA2D835 /* Pods */ = {
			isa = PBXGroup;
			children = (
				1C1EA7544D424441C228C80B /* Pods-HW2.14.debug.xcconfig */,
				857C3F53B5D33D9BCEAA867C /* Pods-HW2.14.release.xcconfig */,
			);
			path = Pods;
			sourceTree = "<group>";
		};
		5083502A27656B83006ED66E = {
			isa = PBXGroup;
			children = (
				5083503527656B83006ED66E /* HW2.14 */,
				5083503427656B83006ED66E /* Products */,
				2C9DB254B92FEE3B4DA2D835 /* Pods */,
				DA249CA000C773E07CBF9D9D /* Frameworks */,
			);
			sourceTree = "<group>";
		};
		5083503427656B83006ED66E /* Products */ = {
			isa = PBXGroup;
			children = (
				5083503327656B83006ED66E /* HW2.14.app */,
			);
			name = Products;
			sourceTree = "<group>";
		};
		5083503527656B83006ED66E /* HW2.14 */ = {
			isa = PBXGroup;
			children = (
				5083505627656F02006ED66E /* ViewControllers */,
				5083505727656F1C006ED66E /* Model */,
				5083505827656F2D006ED66E /* Services */,
				5083503827656B83006ED66E /* SceneDelegate.swift */,
				5083503627656B83006ED66E /* AppDelegate.swift */,
				5083503C27656B83006ED66E /* Main.storyboard */,
				5083503F27656B84006ED66E /* Assets.xcassets */,
				5083504127656B84006ED66E /* LaunchScreen.storyboard */,
				5083504427656B84006ED66E /* Info.plist */,
			);
			path = HW2.14;
			sourceTree = "<group>";
		};
		5083505627656F02006ED66E /* ViewControllers */ = {
			isa = PBXGroup;
			children = (
				5083504A27656BC7006ED66E /* TaskListViewController.swift */,
				5083504C27656C40006ED66E /* TasksViewController.swift */,
				5083504E27656D9F006ED66E /* AlertViewController.swift */,
			);
			path = ViewControllers;
			sourceTree = "<group>";
		};
		5083505727656F1C006ED66E /* Model */ = {
			isa = PBXGroup;
			children = (
				5083505027656DD9006ED66E /* TaskList.swift */,
			);
			path = Model;
			sourceTree = "<group>";
		};
		5083505827656F2D006ED66E /* Services */ = {
			isa = PBXGroup;
			children = (
				5083505227656DF2006ED66E /* StorageManager.swift */,
				5083505427656DFE006ED66E /* DataManager.swift */,
			);
			path = Services;
			sourceTree = "<group>";
		};
		DA249CA000C773E07CBF9D9D /* Frameworks */ = {
			isa = PBXGroup;
			children = (
				E6274711FD6FCB25FFC82B7F /* Pods_HW2_14.framework */,
			);
			name = Frameworks;
			sourceTree = "<group>";
		};
/* End PBXGroup section */

/* Begin PBXNativeTarget section */
		5083503227656B83006ED66E /* HW2.14 */ = {
			isa = PBXNativeTarget;
			buildConfigurationList = 5083504727656B84006ED66E /* Build configuration list for PBXNativeTarget "HW2.14" */;
			buildPhases = (
				11062C89D4B7A33F21D92649 /* [CP] Check Pods Manifest.lock */,
				5083502F27656B83006ED66E /* Sources */,
				5083503027656B83006ED66E /* Frameworks */,
				5083503127656B83006ED66E /* Resources */,
				170C52A7BD87BC333778E349 /* [CP] Embed Pods Frameworks */,
			);
			buildRules = (
			);
			dependencies = (
			);
			name = HW2.14;
			productName = HW2.14;
			productReference = 5083503327656B83006ED66E /* HW2.14.app */;
			productType = "com.apple.product-type.application";
		};
/* End PBXNativeTarget section */

/* Begin PBXProject section */
		5083502B27656B83006ED66E /* Project object */ = {
			isa = PBXProject;
			attributes = {
				BuildIndependentTargetsInParallel = 1;
				LastSwiftUpdateCheck = 1310;
				LastUpgradeCheck = 1310;
				TargetAttributes = {
					5083503227656B83006ED66E = {
						CreatedOnToolsVersion = 13.1;
					};
				};
			};
			buildConfigurationList = 5083502E27656B83006ED66E /* Build configuration list for PBXProject "HW2.14" */;
			compatibilityVersion = "Xcode 13.0";
			developmentRegion = en;
			hasScannedForEncodings = 0;
			knownRegions = (
				en,
				Base,
			);
			mainGroup = 5083502A27656B83006ED66E;
			productRefGroup = 5083503427656B83006ED66E /* Products */;
			projectDirPath = "";
			projectRoot = "";
			targets = (
				5083503227656B83006ED66E /* HW2.14 */,
			);
		};
/* End PBXProject section */

/* Begin PBXResourcesBuildPhase section */
		5083503127656B83006ED66E /* Resources */ = {
			isa = PBXResourcesBuildPhase;
			buildActionMask = 2147483647;
			files = (
				5083504327656B84006ED66E /* LaunchScreen.storyboard in Resources */,
				5083504027656B84006ED66E /* Assets.xcassets in Resources */,
				5083503E27656B83006ED66E /* Main.storyboard in Resources */,
			);
			runOnlyForDeploymentPostprocessing = 0;
		};
/* End PBXResourcesBuildPhase section */

/* Begin PBXShellScriptBuildPhase section */
		11062C89D4B7A33F21D92649 /* [CP] Check Pods Manifest.lock */ = {
			isa = PBXShellScriptBuildPhase;
			buildActionMask = 2147483647;
			files = (
			);
			inputFileListPaths = (
			);
			inputPaths = (
				"${PODS_PODFILE_DIR_PATH}/Podfile.lock",
				"${PODS_ROOT}/Manifest.lock",
			);
			name = "[CP] Check Pods Manifest.lock";
			outputFileListPaths = (
			);
			outputPaths = (
				"$(DERIVED_FILE_DIR)/Pods-HW2.14-checkManifestLockResult.txt",
			);
			runOnlyForDeploymentPostprocessing = 0;
			shellPath = /bin/sh;
			shellScript = "diff \"${PODS_PODFILE_DIR_PATH}/Podfile.lock\" \"${PODS_ROOT}/Manifest.lock\" > /dev/null\nif [ $? != 0 ] ; then\n    # print error to STDERR\n    echo \"error: The sandbox is not in sync with the Podfile.lock. Run 'pod install' or update your CocoaPods installation.\" >&2\n    exit 1\nfi\n# This output is used by Xcode 'outputs' to avoid re-running this script phase.\necho \"SUCCESS\" > \"${SCRIPT_OUTPUT_FILE_0}\"\n";
			showEnvVarsInLog = 0;
		};
		170C52A7BD87BC333778E349 /* [CP] Embed Pods Frameworks */ = {
			isa = PBXShellScriptBuildPhase;
			buildActionMask = 2147483647;
			files = (
			);
			inputFileListPaths = (
				"${PODS_ROOT}/Target Support Files/Pods-HW2.14/Pods-HW2.14-frameworks-${CONFIGURATION}-input-files.xcfilelist",
			);
			name = "[CP] Embed Pods Frameworks";
			outputFileListPaths = (
				"${PODS_ROOT}/Target Support Files/Pods-HW2.14/Pods-HW2.14-frameworks-${CONFIGURATION}-output-files.xcfilelist",
			);
			runOnlyForDeploymentPostprocessing = 0;
			shellPath = /bin/sh;
			shellScript = "\"${PODS_ROOT}/Target Support Files/Pods-HW2.14/Pods-HW2.14-frameworks.sh\"\n";
			showEnvVarsInLog = 0;
		};
/* End PBXShellScriptBuildPhase section */

/* Begin PBXSourcesBuildPhase section */
		5083502F27656B83006ED66E /* Sources */ = {
			isa = PBXSourcesBuildPhase;
			buildActionMask = 2147483647;
			files = (
				5083505127656DD9006ED66E /* TaskList.swift in Sources */,
				5083505527656DFE006ED66E /* DataManager.swift in Sources */,
				5083503727656B83006ED66E /* AppDelegate.swift in Sources */,
				5083504D27656C40006ED66E /* TasksViewController.swift in Sources */,
				5083505327656DF2006ED66E /* StorageManager.swift in Sources */,
				5083503927656B83006ED66E /* SceneDelegate.swift in Sources */,
				5083504F27656D9F006ED66E /* AlertViewController.swift in Sources */,
				5083504B27656BC7006ED66E /* TaskListViewController.swift in Sources */,
			);
			runOnlyForDeploymentPostprocessing = 0;
		};
/* End PBXSourcesBuildPhase section */

/* Begin PBXVariantGroup section */
		5083503C27656B83006ED66E /* Main.storyboard */ = {
			isa = PBXVariantGroup;
			children = (
				5083503D27656B83006ED66E /* Base */,
			);
			name = Main.storyboard;
			sourceTree = "<group>";
		};
		5083504127656B84006ED66E /* LaunchScreen.storyboard */ = {
			isa = PBXVariantGroup;
			children = (
				5083504227656B84006ED66E /* Base */,
			);
			name = LaunchScreen.storyboard;
			sourceTree = "<group>";
		};
/* End PBXVariantGroup section */

/* Begin XCBuildConfiguration section */
		5083504527656B84006ED66E /* Debug */ = {
			isa = XCBuildConfiguration;
			buildSettings = {
				ALWAYS_SEARCH_USER_PATHS = NO;
				CLANG_ANALYZER_NONNULL = YES;
				CLANG_ANALYZER_NUMBER_OBJECT_CONVERSION = YES_AGGRESSIVE;
				CLANG_CXX_LANGUAGE_STANDARD = "gnu++17";
				CLANG_CXX_LIBRARY = "libc++";
				CLANG_ENABLE_MODULES = YES;
				CLANG_ENABLE_OBJC_ARC = YES;
				CLANG_ENABLE_OBJC_WEAK = YES;
				CLANG_WARN_BLOCK_CAPTURE_AUTORELEASING = YES;
				CLANG_WARN_BOOL_CONVERSION = YES;
				CLANG_WARN_COMMA = YES;
				CLANG_WARN_CONSTANT_CONVERSION = YES;
				CLANG_WARN_DEPRECATED_OBJC_IMPLEMENTATIONS = YES;
				CLANG_WARN_DIRECT_OBJC_ISA_USAGE = YES_ERROR;
				CLANG_WARN_DOCUMENTATION_COMMENTS = YES;
				CLANG_WARN_EMPTY_BODY = YES;
				CLANG_WARN_ENUM_CONVERSION = YES;
				CLANG_WARN_INFINITE_RECURSION = YES;
				CLANG_WARN_INT_CONVERSION = YES;
				CLANG_WARN_NON_LITERAL_NULL_CONVERSION = YES;
				CLANG_WARN_OBJC_IMPLICIT_RETAIN_SELF = YES;
				CLANG_WARN_OBJC_LITERAL_CONVERSION = YES;
				CLANG_WARN_OBJC_ROOT_CLASS = YES_ERROR;
				CLANG_WARN_QUOTED_INCLUDE_IN_FRAMEWORK_HEADER = YES;
				CLANG_WARN_RANGE_LOOP_ANALYSIS = YES;
				CLANG_WARN_STRICT_PROTOTYPES = YES;
				CLANG_WARN_SUSPICIOUS_MOVE = YES;
				CLANG_WARN_UNGUARDED_AVAILABILITY = YES_AGGRESSIVE;
				CLANG_WARN_UNREACHABLE_CODE = YES;
				CLANG_WARN__DUPLICATE_METHOD_MATCH = YES;
				COPY_PHASE_STRIP = NO;
				DEBUG_INFORMATION_FORMAT = dwarf;
				ENABLE_STRICT_OBJC_MSGSEND = YES;
				ENABLE_TESTABILITY = YES;
				GCC_C_LANGUAGE_STANDARD = gnu11;
				GCC_DYNAMIC_NO_PIC = NO;
				GCC_NO_COMMON_BLOCKS = YES;
				GCC_OPTIMIZATION_LEVEL = 0;
				GCC_PREPROCESSOR_DEFINITIONS = (
					"DEBUG=1",
					"$(inherited)",
				);
				GCC_WARN_64_TO_32_BIT_CONVERSION = YES;
				GCC_WARN_ABOUT_RETURN_TYPE = YES_ERROR;
				GCC_WARN_UNDECLARED_SELECTOR = YES;
				GCC_WARN_UNINITIALIZED_AUTOS = YES_AGGRESSIVE;
				GCC_WARN_UNUSED_FUNCTION = YES;
				GCC_WARN_UNUSED_VARIABLE = YES;
				IPHONEOS_DEPLOYMENT_TARGET = 15.0;
				MTL_ENABLE_DEBUG_INFO = INCLUDE_SOURCE;
				MTL_FAST_MATH = YES;
				ONLY_ACTIVE_ARCH = YES;
				SDKROOT = iphoneos;
				SWIFT_ACTIVE_COMPILATION_CONDITIONS = DEBUG;
				SWIFT_OPTIMIZATION_LEVEL = "-Onone";
			};
			name = Debug;
		};
		5083504627656B84006ED66E /* Release */ = {
			isa = XCBuildConfiguration;
			buildSettings = {
				ALWAYS_SEARCH_USER_PATHS = NO;
				CLANG_ANALYZER_NONNULL = YES;
				CLANG_ANALYZER_NUMBER_OBJECT_CONVERSION = YES_AGGRESSIVE;
				CLANG_CXX_LANGUAGE_STANDARD = "gnu++17";
				CLANG_CXX_LIBRARY = "libc++";
				CLANG_ENABLE_MODULES = YES;
				CLANG_ENABLE_OBJC_ARC = YES;
				CLANG_ENABLE_OBJC_WEAK = YES;
				CLANG_WARN_BLOCK_CAPTURE_AUTORELEASING = YES;
				CLANG_WARN_BOOL_CONVERSION = YES;
				CLANG_WARN_COMMA = YES;
				CLANG_WARN_CONSTANT_CONVERSION = YES;
				CLANG_WARN_DEPRECATED_OBJC_IMPLEMENTATIONS = YES;
				CLANG_WARN_DIRECT_OBJC_ISA_USAGE = YES_ERROR;
				CLANG_WARN_DOCUMENTATION_COMMENTS = YES;
				CLANG_WARN_EMPTY_BODY = YES;
				CLANG_WARN_ENUM_CONVERSION = YES;
				CLANG_WARN_INFINITE_RECURSION = YES;
				CLANG_WARN_INT_CONVERSION = YES;
				CLANG_WARN_NON_LITERAL_NULL_CONVERSION = YES;
				CLANG_WARN_OBJC_IMPLICIT_RETAIN_SELF = YES;
				CLANG_WARN_OBJC_LITERAL_CONVERSION = YES;
				CLANG_WARN_OBJC_ROOT_CLASS = YES_ERROR;
				CLANG_WARN_QUOTED_INCLUDE_IN_FRAMEWORK_HEADER = YES;
				CLANG_WARN_RANGE_LOOP_ANALYSIS = YES;
				CLANG_WARN_STRICT_PROTOTYPES = YES;
				CLANG_WARN_SUSPICIOUS_MOVE = YES;
				CLANG_WARN_UNGUARDED_AVAILABILITY = YES_AGGRESSIVE;
				CLANG_WARN_UNREACHABLE_CODE = YES;
				CLANG_WARN__DUPLICATE_METHOD_MATCH = YES;
				COPY_PHASE_STRIP = NO;
				DEBUG_INFORMATION_FORMAT = "dwarf-with-dsym";
				ENABLE_NS_ASSERTIONS = NO;
				ENABLE_STRICT_OBJC_MSGSEND = YES;
				GCC_C_LANGUAGE_STANDARD = gnu11;
				GCC_NO_COMMON_BLOCKS = YES;
				GCC_WARN_64_TO_32_BIT_CONVERSION = YES;
				GCC_WARN_ABOUT_RETURN_TYPE = YES_ERROR;
				GCC_WARN_UNDECLARED_SELECTOR = YES;
				GCC_WARN_UNINITIALIZED_AUTOS = YES_AGGRESSIVE;
				GCC_WARN_UNUSED_FUNCTION = YES;
				GCC_WARN_UNUSED_VARIABLE = YES;
				IPHONEOS_DEPLOYMENT_TARGET = 15.0;
				MTL_ENABLE_DEBUG_INFO = NO;
				MTL_FAST_MATH = YES;
				SDKROOT = iphoneos;
				SWIFT_COMPILATION_MODE = wholemodule;
				SWIFT_OPTIMIZATION_LEVEL = "-O";
				VALIDATE_PRODUCT = YES;
			};
			name = Release;
		};
		5083504827656B84006ED66E /* Debug */ = {
			isa = XCBuildConfiguration;
			baseConfigurationReference = 1C1EA7544D424441C228C80B /* Pods-HW2.14.debug.xcconfig */;
			buildSettings = {
				ASSETCATALOG_COMPILER_APPICON_NAME = AppIcon;
				ASSETCATALOG_COMPILER_GLOBAL_ACCENT_COLOR_NAME = AccentColor;
				CODE_SIGN_STYLE = Automatic;
				CURRENT_PROJECT_VERSION = 1;
				GENERATE_INFOPLIST_FILE = YES;
				INFOPLIST_FILE = HW2.14/Info.plist;
				INFOPLIST_KEY_UIApplicationSupportsIndirectInputEvents = YES;
				INFOPLIST_KEY_UILaunchStoryboardName = LaunchScreen;
				INFOPLIST_KEY_UIMainStoryboardFile = Main;
				INFOPLIST_KEY_UISupportedInterfaceOrientations_iPad = "UIInterfaceOrientationPortrait UIInterfaceOrientationPortraitUpsideDown UIInterfaceOrientationLandscapeLeft UIInterfaceOrientationLandscapeRight";
				INFOPLIST_KEY_UISupportedInterfaceOrientations_iPhone = "UIInterfaceOrientationPortrait UIInterfaceOrientationLandscapeLeft UIInterfaceOrientationLandscapeRight";
				LD_RUNPATH_SEARCH_PATHS = (
					"$(inherited)",
					"@executable_path/Frameworks",
				);
				MARKETING_VERSION = 1.0;
				PRODUCT_BUNDLE_IDENTIFIER = "shinov-96-mail.ru.HW2-14";
				PRODUCT_NAME = "$(TARGET_NAME)";
				SWIFT_EMIT_LOC_STRINGS = YES;
				SWIFT_VERSION = 5.0;
				TARGETED_DEVICE_FAMILY = "1,2";
			};
			name = Debug;
		};
		5083504927656B84006ED66E /* Release */ = {
			isa = XCBuildConfiguration;
			baseConfigurationReference = 857C3F53B5D33D9BCEAA867C /* Pods-HW2.14.release.xcconfig */;
			buildSettings = {
				ASSETCATALOG_COMPILER_APPICON_NAME = AppIcon;
				ASSETCATALOG_COMPILER_GLOBAL_ACCENT_COLOR_NAME = AccentColor;
				CODE_SIGN_STYLE = Automatic;
				CURRENT_PROJECT_VERSION = 1;
				GENERATE_INFOPLIST_FILE = YES;
				INFOPLIST_FILE = HW2.14/Info.plist;
				INFOPLIST_KEY_UIApplicationSupportsIndirectInputEvents = YES;
				INFOPLIST_KEY_UILaunchStoryboardName = LaunchScreen;
				INFOPLIST_KEY_UIMainStoryboardFile = Main;
				INFOPLIST_KEY_UISupportedInterfaceOrientations_iPad = "UIInterfaceOrientationPortrait UIInterfaceOrientationPortraitUpsideDown UIInterfaceOrientationLandscapeLeft UIInterfaceOrientationLandscapeRight";
				INFOPLIST_KEY_UISupportedInterfaceOrientations_iPhone = "UIInterfaceOrientationPortrait UIInterfaceOrientationLandscapeLeft UIInterfaceOrientationLandscapeRight";
				LD_RUNPATH_SEARCH_PATHS = (
					"$(inherited)",
					"@executable_path/Frameworks",
				);
				MARKETING_VERSION = 1.0;
				PRODUCT_BUNDLE_IDENTIFIER = "shinov-96-mail.ru.HW2-14";
				PRODUCT_NAME = "$(TARGET_NAME)";
				SWIFT_EMIT_LOC_STRINGS = YES;
				SWIFT_VERSION = 5.0;
				TARGETED_DEVICE_FAMILY = "1,2";
			};
			name = Release;
		};
/* End XCBuildConfiguration section */

/* Begin XCConfigurationList section */
		5083502E27656B83006ED66E /* Build configuration list for PBXProject "HW2.14" */ = {
			isa = XCConfigurationList;
			buildConfigurations = (
				5083504527656B84006ED66E /* Debug */,
				5083504627656B84006ED66E /* Release */,
			);
			defaultConfigurationIsVisible = 0;
			defaultConfigurationName = Release;
		};
		5083504727656B84006ED66E /* Build configuration list for PBXNativeTarget "HW2.14" */ = {
			isa = XCConfigurationList;
			buildConfigurations = (
				5083504827656B84006ED66E /* Debug */,
				5083504927656B84006ED66E /* Release */,
			);
			defaultConfigurationIsVisible = 0;
			defaultConfigurationName = Release;
		};
/* End XCConfigurationList section */
	};
	rootObject = 5083502B27656B83006ED66E /* Project object */;
}
